
Microsoft Visual Studio Solution File, Format Version 12.00
# Visual Studio Version 17
VisualStudioVersion = 17.4.33213.308
MinimumVisualStudioVersion = 10.0.40219.1
Project("{FAE04EC0-301F-11D3-BF4B-00C04F79EFBC}") = "Regression", "Regression\Regression.csproj", "{A0DB695E-82AA-4AF6-AEDC-B43096218387}"
EndProject
Global
	GlobalSection(SolutionConfigurationPlatforms) = preSolution
		Debug|Any CPU = Debug|Any CPU
		Release|Any CPU = Release|Any CPU
	EndGlobalSection
	GlobalSection(ProjectConfigurationPlatforms) = postSolution
		{A0DB695E-82AA-4AF6-AEDC-B43096218387}.Debug|Any CPU.ActiveCfg = Debug|Any CPU
		{A0DB695E-82AA-4AF6-AEDC-B43096218387}.Debug|Any CPU.Build.0 = Debug|Any CPU
		{A0DB695E-82AA-4AF6-AEDC-B43096218387}.Release|Any CPU.ActiveCfg = Release|Any CPU
		{A0DB695E-82AA-4AF6-AEDC-B43096218387}.Release|Any CPU.Build.0 = Release|Any CPU
	EndGlobalSection
	GlobalSection(SolutionProperties) = preSolution
		HideSolutionNode = FALSE
	EndGlobalSection
	GlobalSection(ExtensibilityGlobals) = postSolution
		SolutionGuid = {B1F29230-4EF9-4135-A1BC-591F1A0CC319}
	EndGlobalSection
EndGlobal
